{
  "name": "repo-baseline-oliverlorenz",
  "version": "1.0.4",
  "lockfileVersion": 1,
  "requires": true,
  "dependencies": {
    "bluebird": {
      "version": "3.5.2",
      "resolved": "https://registry.npmjs.org/bluebird/-/bluebird-3.5.2.tgz",
      "integrity": "sha512-dhHTWMI7kMx5whMQntl7Vr9C6BvV10lFXDAasnqnrMYhXVCzzk6IO9Fo2L75jXHT07WrOngL1WDXOp+yYS91Yg=="
    },
    "repo-baseline-file-available": {
      "version": "1.0.0",
      "resolved": "https://registry.npmjs.org/repo-baseline-file-available/-/repo-baseline-file-available-1.0.0.tgz",
      "integrity": "sha512-BcHZyG0/6ZaVLxppd4EDoV+4pA9Ki/lnN59UrDK/TS8fCw8ctL74YA175OhNJB6iUnN+9y/Knwqsojjlh9fRdA==",
      "requires": {
        "bluebird": "3.5.2"
      }
    }
  }
}
